
Microsoft Visual Studio Solution File, Format Version 12.00
# Visual Studio Version 17
VisualStudioVersion = 17.5.002.0
MinimumVisualStudioVersion = 10.0.40219.1
Project("{9A19103F-16F7-4668-BE54-9A1E7A4F7556}") = "backend-mxm-webDiet", "backend-mxm-webDiet.csproj", "{3A346FF9-6B7B-47FA-A4E2-91A7D862E634}"
EndProject
Global
	GlobalSection(SolutionConfigurationPlatforms) = preSolution
		Debug|Any CPU = Debug|Any CPU
		Release|Any CPU = Release|Any CPU
	EndGlobalSection
	GlobalSection(ProjectConfigurationPlatforms) = postSolution
		{3A346FF9-6B7B-47FA-A4E2-91A7D862E634}.Debug|Any CPU.ActiveCfg = Debug|Any CPU
		{3A346FF9-6B7B-47FA-A4E2-91A7D862E634}.Debug|Any CPU.Build.0 = Debug|Any CPU
		{3A346FF9-6B7B-47FA-A4E2-91A7D862E634}.Release|Any CPU.ActiveCfg = Release|Any CPU
		{3A346FF9-6B7B-47FA-A4E2-91A7D862E634}.Release|Any CPU.Build.0 = Release|Any CPU
	EndGlobalSection
	GlobalSection(SolutionProperties) = preSolution
		HideSolutionNode = FALSE
	EndGlobalSection
	GlobalSection(ExtensibilityGlobals) = postSolution
		SolutionGuid = {FB4E1957-DCCE-40C4-A193-D3C981E37A68}
	EndGlobalSection
EndGlobal
